Microsoft Visual Studio Solution File, Format Version 12.00
# Visual Studio 2012
Project("{FAE04EC0-301F-11D3-BF4B-00C04F79EFBC}") = "full_2d_game", "full_2d_game.csproj", "{C87CB078-0496-4637-9C89-F536B23F539D}"
EndProject
Global
	GlobalSection(SolutionConfigurationPlatforms) = preSolution
	Debug|Any CPU = Debug|Any CPU
	ExportDebug|Any CPU = ExportDebug|Any CPU
	ExportRelease|Any CPU = ExportRelease|Any CPU
	EndGlobalSection
	GlobalSection(ProjectConfigurationPlatforms) = postSolution
		{C87CB078-0496-4637-9C89-F536B23F539D}.Debug|Any CPU.ActiveCfg = Debug|Any CPU
		{C87CB078-0496-4637-9C89-F536B23F539D}.Debug|Any CPU.Build.0 = Debug|Any CPU
		{C87CB078-0496-4637-9C89-F536B23F539D}.ExportDebug|Any CPU.ActiveCfg = ExportDebug|Any CPU
		{C87CB078-0496-4637-9C89-F536B23F539D}.ExportDebug|Any CPU.Build.0 = ExportDebug|Any CPU
		{C87CB078-0496-4637-9C89-F536B23F539D}.ExportRelease|Any CPU.ActiveCfg = ExportRelease|Any CPU
		{C87CB078-0496-4637-9C89-F536B23F539D}.ExportRelease|Any CPU.Build.0 = ExportRelease|Any CPU
	EndGlobalSection
EndGlobal
